
Microsoft Visual Studio Solution File, Format Version 12.00
# Visual Studio Version 17
VisualStudioVersion = 17.0.31903.59
MinimumVisualStudioVersion = 10.0.40219.1
Project("{2150E333-8FDC-42A3-9474-1A3956D46DE8}") = "src", "src", "{827E0CD3-B72D-47B6-A68D-7590B98EB39B}"
EndProject
Project("{FAE04EC0-301F-11D3-BF4B-00C04F79EFBC}") = "ProjetoVarejo.Domain", "src\ProjetoVarejo.Domain\ProjetoVarejo.Domain.csproj", "{136FDC57-E404-4ABB-B9A2-91426C8C727E}"
EndProject
Project("{FAE04EC0-301F-11D3-BF4B-00C04F79EFBC}") = "ProjetoVarejo.Application", "src\ProjetoVarejo.Application\ProjetoVarejo.Application.csproj", "{955C9B12-61DD-4DE4-9EC3-624477014AD9}"
EndProject
Project("{FAE04EC0-301F-11D3-BF4B-00C04F79EFBC}") = "ProjetoVarejo.Infrastructure", "src\ProjetoVarejo.Infrastructure\ProjetoVarejo.Infrastructure.csproj", "{7A172631-576F-47C8-BA8C-0048362C287E}"
EndProject
Project("{FAE04EC0-301F-11D3-BF4B-00C04F79EFBC}") = "ProjetoVarejo.Shared", "src\ProjetoVarejo.Shared\ProjetoVarejo.Shared.csproj", "{39101910-BB83-42A2-AA9A-38B44CDF0B54}"
EndProject
Project("{FAE04EC0-301F-11D3-BF4B-00C04F79EFBC}") = "ProjetoVarejo.Desktop", "src\ProjetoVarejo.Desktop\ProjetoVarejo.Desktop.csproj", "{353D3A8C-13FB-494A-8866-3D28554C2D3B}"
EndProject
Project("{FAE04EC0-301F-11D3-BF4B-00C04F79EFBC}") = "ProjetoVarejo.Tests", "tests\ProjetoVarejo.Tests\ProjetoVarejo.Tests.csproj", "{866AF803-1483-4026-826A-F5D1F75312DD}"
EndProject
Project("{FAE04EC0-301F-11D3-BF4B-00C04F79EFBC}") = "ProjetoVarejo.Api", "src\ProjetoVarejo.Api\ProjetoVarejo.Api.csproj", "{DAD8D67F-C200-48CE-9F34-896B0E5BC0A0}"
EndProject
Project("{FAE04EC0-301F-11D3-BF4B-00C04F79EFBC}") = "ProjetoVarejo.Web", "src\ProjetoVarejo.Web\ProjetoVarejo.Web.csproj", "{74C7646F-332B-494A-9E97-34E6DA4B51B6}"
EndProject
Project("{FAE04EC0-301F-11D3-BF4B-00C04F79EFBC}") = "ProjetoVarejo.DesktopShell", "src\ProjetoVarejo.DesktopShell\ProjetoVarejo.DesktopShell.csproj", "{1225115B-18B5-4D40-A176-7E311A737864}"
EndProject
Project("{FAE04EC0-301F-11D3-BF4B-00C04F79EFBC}") = "ProjetoVarejo.Desktop.Wpf", "src\ProjetoVarejo.Desktop.Wpf\ProjetoVarejo.Desktop.Wpf.csproj", "{574D1BFB-9A3C-401E-8620-664780D0325F}"
EndProject
Global
	GlobalSection(SolutionConfigurationPlatforms) = preSolution
		Debug|Any CPU = Debug|Any CPU
		Debug|x64 = Debug|x64
		Debug|x86 = Debug|x86
		Release|Any CPU = Release|Any CPU
		Release|x64 = Release|x64
		Release|x86 = Release|x86
	EndGlobalSection
	GlobalSection(ProjectConfigurationPlatforms) = postSolution
		{136FDC57-E404-4ABB-B9A2-91426C8C727E}.Debug|Any CPU.ActiveCfg = Debug|Any CPU
		{136FDC57-E404-4ABB-B9A2-91426C8C727E}.Debug|Any CPU.Build.0 = Debug|Any CPU
		{136FDC57-E404-4ABB-B9A2-91426C8C727E}.Debug|x64.ActiveCfg = Debug|Any CPU
		{136FDC57-E404-4ABB-B9A2-91426C8C727E}.Debug|x64.Build.0 = Debug|Any CPU
		{136FDC57-E404-4ABB-B9A2-91426C8C727E}.Debug|x86.ActiveCfg = Debug|Any CPU
		{136FDC57-E404-4ABB-B9A2-91426C8C727E}.Debug|x86.Build.0 = Debug|Any CPU
		{136FDC57-E404-4ABB-B9A2-91426C8C727E}.Release|Any CPU.ActiveCfg = Release|Any CPU
		{136FDC57-E404-4ABB-B9A2-91426C8C727E}.Release|Any CPU.Build.0 = Release|Any CPU
		{136FDC57-E404-4ABB-B9A2-91426C8C727E}.Release|x64.ActiveCfg = Release|Any CPU
		{136FDC57-E404-4ABB-B9A2-91426C8C727E}.Release|x64.Build.0 = Release|Any CPU
		{136FDC57-E404-4ABB-B9A2-91426C8C727E}.Release|x86.ActiveCfg = Release|Any CPU
		{136FDC57-E404-4ABB-B9A2-91426C8C727E}.Release|x86.Build.0 = Release|Any CPU
		{955C9B12-61DD-4DE4-9EC3-624477014AD9}.Debug|Any CPU.ActiveCfg = Debug|Any CPU
		{955C9B12-61DD-4DE4-9EC3-624477014AD9}.Debug|Any CPU.Build.0 = Debug|Any CPU
		{955C9B12-61DD-4DE4-9EC3-624477014AD9}.Debug|x64.ActiveCfg = Debug|Any CPU
		{955C9B12-61DD-4DE4-9EC3-624477014AD9}.Debug|x64.Build.0 = Debug|Any CPU
		{955C9B12-61DD-4DE4-9EC3-624477014AD9}.Debug|x86.ActiveCfg = Debug|Any CPU
		{955C9B12-61DD-4DE4-9EC3-624477014AD9}.Debug|x86.Build.0 = Debug|Any CPU
		{955C9B12-61DD-4DE4-9EC3-624477014AD9}.Release|Any CPU.ActiveCfg = Release|Any CPU
		{955C9B12-61DD-4DE4-9EC3-624477014AD9}.Release|Any CPU.Build.0 = Release|Any CPU
		{955C9B12-61DD-4DE4-9EC3-624477014AD9}.Release|x64.ActiveCfg = Release|Any CPU
		{955C9B12-61DD-4DE4-9EC3-624477014AD9}.Release|x64.Build.0 = Release|Any CPU
		{955C9B12-61DD-4DE4-9EC3-624477014AD9}.Release|x86.ActiveCfg = Release|Any CPU
		{955C9B12-61DD-4DE4-9EC3-624477014AD9}.Release|x86.Build.0 = Release|Any CPU
		{7A172631-576F-47C8-BA8C-0048362C287E}.Debug|Any CPU.ActiveCfg = Debug|Any CPU
		{7A172631-576F-47C8-BA8C-0048362C287E}.Debug|Any CPU.Build.0 = Debug|Any CPU
		{7A172631-576F-47C8-BA8C-0048362C287E}.Debug|x64.ActiveCfg = Debug|Any CPU
		{7A172631-576F-47C8-BA8C-0048362C287E}.Debug|x64.Build.0 = Debug|Any CPU
		{7A172631-576F-47C8-BA8C-0048362C287E}.Debug|x86.ActiveCfg = Debug|Any CPU
		{7A172631-576F-47C8-BA8C-0048362C287E}.Debug|x86.Build.0 = Debug|Any CPU
		{7A172631-576F-47C8-BA8C-0048362C287E}.Release|Any CPU.ActiveCfg = Release|Any CPU
		{7A172631-576F-47C8-BA8C-0048362C287E}.Release|Any CPU.Build.0 = Release|Any CPU
		{7A172631-576F-47C8-BA8C-0048362C287E}.Release|x64.ActiveCfg = Release|Any CPU
		{7A172631-576F-47C8-BA8C-0048362C287E}.Release|x64.Build.0 = Release|Any CPU
		{7A172631-576F-47C8-BA8C-0048362C287E}.Release|x86.ActiveCfg = Release|Any CPU
		{7A172631-576F-47C8-BA8C-0048362C287E}.Release|x86.Build.0 = Release|Any CPU
		{39101910-BB83-42A2-AA9A-38B44CDF0B54}.Debug|Any CPU.ActiveCfg = Debug|Any CPU
		{39101910-BB83-42A2-AA9A-38B44CDF0B54}.Debug|Any CPU.Build.0 = Debug|Any CPU
		{39101910-BB83-42A2-AA9A-38B44CDF0B54}.Debug|x64.ActiveCfg = Debug|Any CPU
		{39101910-BB83-42A2-AA9A-38B44CDF0B54}.Debug|x64.Build.0 = Debug|Any CPU
		{39101910-BB83-42A2-AA9A-38B44CDF0B54}.Debug|x86.ActiveCfg = Debug|Any CPU
		{39101910-BB83-42A2-AA9A-38B44CDF0B54}.Debug|x86.Build.0 = Debug|Any CPU
		{39101910-BB83-42A2-AA9A-38B44CDF0B54}.Release|Any CPU.ActiveCfg = Release|Any CPU
		{39101910-BB83-42A2-AA9A-38B44CDF0B54}.Release|Any CPU.Build.0 = Release|Any CPU
		{39101910-BB83-42A2-AA9A-38B44CDF0B54}.Release|x64.ActiveCfg = Release|Any CPU
		{39101910-BB83-42A2-AA9A-38B44CDF0B54}.Release|x64.Build.0 = Release|Any CPU
		{39101910-BB83-42A2-AA9A-38B44CDF0B54}.Release|x86.ActiveCfg = Release|Any CPU
		{39101910-BB83-42A2-AA9A-38B44CDF0B54}.Release|x86.Build.0 = Release|Any CPU
		{353D3A8C-13FB-494A-8866-3D28554C2D3B}.Debug|Any CPU.ActiveCfg = Debug|Any CPU
		{353D3A8C-13FB-494A-8866-3D28554C2D3B}.Debug|Any CPU.Build.0 = Debug|Any CPU
		{353D3A8C-13FB-494A-8866-3D28554C2D3B}.Debug|x64.ActiveCfg = Debug|Any CPU
		{353D3A8C-13FB-494A-8866-3D28554C2D3B}.Debug|x64.Build.0 = Debug|Any CPU
		{353D3A8C-13FB-494A-8866-3D28554C2D3B}.Debug|x86.ActiveCfg = Debug|Any CPU
		{353D3A8C-13FB-494A-8866-3D28554C2D3B}.Debug|x86.Build.0 = Debug|Any CPU
		{353D3A8C-13FB-494A-8866-3D28554C2D3B}.Release|Any CPU.ActiveCfg = Release|Any CPU
		{353D3A8C-13FB-494A-8866-3D28554C2D3B}.Release|Any CPU.Build.0 = Release|Any CPU
		{353D3A8C-13FB-494A-8866-3D28554C2D3B}.Release|x64.ActiveCfg = Release|Any CPU
		{353D3A8C-13FB-494A-8866-3D28554C2D3B}.Release|x64.Build.0 = Release|Any CPU
		{353D3A8C-13FB-494A-8866-3D28554C2D3B}.Release|x86.ActiveCfg = Release|Any CPU
		{353D3A8C-13FB-494A-8866-3D28554C2D3B}.Release|x86.Build.0 = Release|Any CPU
		{866AF803-1483-4026-826A-F5D1F75312DD}.Debug|Any CPU.ActiveCfg = Debug|Any CPU
		{866AF803-1483-4026-826A-F5D1F75312DD}.Debug|Any CPU.Build.0 = Debug|Any CPU
		{866AF803-1483-4026-826A-F5D1F75312DD}.Debug|x64.ActiveCfg = Debug|Any CPU
		{866AF803-1483-4026-826A-F5D1F75312DD}.Debug|x64.Build.0 = Debug|Any CPU
		{866AF803-1483-4026-826A-F5D1F75312DD}.Debug|x86.ActiveCfg = Debug|Any CPU
		{866AF803-1483-4026-826A-F5D1F75312DD}.Debug|x86.Build.0 = Debug|Any CPU
		{866AF803-1483-4026-826A-F5D1F75312DD}.Release|Any CPU.ActiveCfg = Release|Any CPU
		{866AF803-1483-4026-826A-F5D1F75312DD}.Release|Any CPU.Build.0 = Release|Any CPU
		{866AF803-1483-4026-826A-F5D1F75312DD}.Release|x64.ActiveCfg = Release|Any CPU
		{866AF803-1483-4026-826A-F5D1F75312DD}.Release|x64.Build.0 = Release|Any CPU
		{866AF803-1483-4026-826A-F5D1F75312DD}.Release|x86.ActiveCfg = Release|Any CPU
		{866AF803-1483-4026-826A-F5D1F75312DD}.Release|x86.Build.0 = Release|Any CPU
		{DAD8D67F-C200-48CE-9F34-896B0E5BC0A0}.Debug|Any CPU.ActiveCfg = Debug|Any CPU
		{DAD8D67F-C200-48CE-9F34-896B0E5BC0A0}.Debug|Any CPU.Build.0 = Debug|Any CPU
		{DAD8D67F-C200-48CE-9F34-896B0E5BC0A0}.Debug|x64.ActiveCfg = Debug|Any CPU
		{DAD8D67F-C200-48CE-9F34-896B0E5BC0A0}.Debug|x64.Build.0 = Debug|Any CPU
		{DAD8D67F-C200-48CE-9F34-896B0E5BC0A0}.Debug|x86.ActiveCfg = Debug|Any CPU
		{DAD8D67F-C200-48CE-9F34-896B0E5BC0A0}.Debug|x86.Build.0 = Debug|Any CPU
		{DAD8D67F-C200-48CE-9F34-896B0E5BC0A0}.Release|Any CPU.ActiveCfg = Release|Any CPU
		{DAD8D67F-C200-48CE-9F34-896B0E5BC0A0}.Release|Any CPU.Build.0 = Release|Any CPU
		{DAD8D67F-C200-48CE-9F34-896B0E5BC0A0}.Release|x64.ActiveCfg = Release|Any CPU
		{DAD8D67F-C200-48CE-9F34-896B0E5BC0A0}.Release|x64.Build.0 = Release|Any CPU
		{DAD8D67F-C200-48CE-9F34-896B0E5BC0A0}.Release|x86.ActiveCfg = Release|Any CPU
		{DAD8D67F-C200-48CE-9F34-896B0E5BC0A0}.Release|x86.Build.0 = Release|Any CPU
		{74C7646F-332B-494A-9E97-34E6DA4B51B6}.Debug|Any CPU.ActiveCfg = Debug|Any CPU
		{74C7646F-332B-494A-9E97-34E6DA4B51B6}.Debug|Any CPU.Build.0 = Debug|Any CPU
		{74C7646F-332B-494A-9E97-34E6DA4B51B6}.Debug|x64.ActiveCfg = Debug|Any CPU
		{74C7646F-332B-494A-9E97-34E6DA4B51B6}.Debug|x64.Build.0 = Debug|Any CPU
		{74C7646F-332B-494A-9E97-34E6DA4B51B6}.Debug|x86.ActiveCfg = Debug|Any CPU
		{74C7646F-332B-494A-9E97-34E6DA4B51B6}.Debug|x86.Build.0 = Debug|Any CPU
		{74C7646F-332B-494A-9E97-34E6DA4B51B6}.Release|Any CPU.ActiveCfg = Release|Any CPU
		{74C7646F-332B-494A-9E97-34E6DA4B51B6}.Release|Any CPU.Build.0 = Release|Any CPU
		{74C7646F-332B-494A-9E97-34E6DA4B51B6}.Release|x64.ActiveCfg = Release|Any CPU
		{74C7646F-332B-494A-9E97-34E6DA4B51B6}.Release|x64.Build.0 = Release|Any CPU
		{74C7646F-332B-494A-9E97-34E6DA4B51B6}.Release|x86.ActiveCfg = Release|Any CPU
		{74C7646F-332B-494A-9E97-34E6DA4B51B6}.Release|x86.Build.0 = Release|Any CPU
		{1225115B-18B5-4D40-A176-7E311A737864}.Debug|Any CPU.ActiveCfg = Debug|Any CPU
		{1225115B-18B5-4D40-A176-7E311A737864}.Debug|Any CPU.Build.0 = Debug|Any CPU
		{1225115B-18B5-4D40-A176-7E311A737864}.Debug|x64.ActiveCfg = Debug|Any CPU
		{1225115B-18B5-4D40-A176-7E311A737864}.Debug|x64.Build.0 = Debug|Any CPU
		{1225115B-18B5-4D40-A176-7E311A737864}.Debug|x86.ActiveCfg = Debug|Any CPU
		{1225115B-18B5-4D40-A176-7E311A737864}.Debug|x86.Build.0 = Debug|Any CPU
		{1225115B-18B5-4D40-A176-7E311A737864}.Release|Any CPU.ActiveCfg = Release|Any CPU
		{1225115B-18B5-4D40-A176-7E311A737864}.Release|Any CPU.Build.0 = Release|Any CPU
		{1225115B-18B5-4D40-A176-7E311A737864}.Release|x64.ActiveCfg = Release|Any CPU
		{1225115B-18B5-4D40-A176-7E311A737864}.Release|x64.Build.0 = Release|Any CPU
		{1225115B-18B5-4D40-A176-7E311A737864}.Release|x86.ActiveCfg = Release|Any CPU
		{1225115B-18B5-4D40-A176-7E311A737864}.Release|x86.Build.0 = Release|Any CPU
		{574D1BFB-9A3C-401E-8620-664780D0325F}.Debug|Any CPU.ActiveCfg = Debug|Any CPU
		{574D1BFB-9A3C-401E-8620-664780D0325F}.Debug|Any CPU.Build.0 = Debug|Any CPU
		{574D1BFB-9A3C-401E-8620-664780D0325F}.Debug|x64.ActiveCfg = Debug|Any CPU
		{574D1BFB-9A3C-401E-8620-664780D0325F}.Debug|x64.Build.0 = Debug|Any CPU
		{574D1BFB-9A3C-401E-8620-664780D0325F}.Debug|x86.ActiveCfg = Debug|Any CPU
		{574D1BFB-9A3C-401E-8620-664780D0325F}.Debug|x86.Build.0 = Debug|Any CPU
		{574D1BFB-9A3C-401E-8620-664780D0325F}.Release|Any CPU.ActiveCfg = Release|Any CPU
		{574D1BFB-9A3C-401E-8620-664780D0325F}.Release|Any CPU.Build.0 = Release|Any CPU
		{574D1BFB-9A3C-401E-8620-664780D0325F}.Release|x64.ActiveCfg = Release|Any CPU
		{574D1BFB-9A3C-401E-8620-664780D0325F}.Release|x64.Build.0 = Release|Any CPU
		{574D1BFB-9A3C-401E-8620-664780D0325F}.Release|x86.ActiveCfg = Release|Any CPU
		{574D1BFB-9A3C-401E-8620-664780D0325F}.Release|x86.Build.0 = Release|Any CPU
	EndGlobalSection
	GlobalSection(SolutionProperties) = preSolution
		HideSolutionNode = FALSE
	EndGlobalSection
	GlobalSection(NestedProjects) = preSolution
		{136FDC57-E404-4ABB-B9A2-91426C8C727E} = {827E0CD3-B72D-47B6-A68D-7590B98EB39B}
		{955C9B12-61DD-4DE4-9EC3-624477014AD9} = {827E0CD3-B72D-47B6-A68D-7590B98EB39B}
		{7A172631-576F-47C8-BA8C-0048362C287E} = {827E0CD3-B72D-47B6-A68D-7590B98EB39B}
		{39101910-BB83-42A2-AA9A-38B44CDF0B54} = {827E0CD3-B72D-47B6-A68D-7590B98EB39B}
		{353D3A8C-13FB-494A-8866-3D28554C2D3B} = {827E0CD3-B72D-47B6-A68D-7590B98EB39B}
		{866AF803-1483-4026-826A-F5D1F75312DD} = {827E0CD3-B72D-47B6-A68D-7590B98EB39B}
		{DAD8D67F-C200-48CE-9F34-896B0E5BC0A0} = {827E0CD3-B72D-47B6-A68D-7590B98EB39B}
		{74C7646F-332B-494A-9E97-34E6DA4B51B6} = {827E0CD3-B72D-47B6-A68D-7590B98EB39B}
		{1225115B-18B5-4D40-A176-7E311A737864} = {827E0CD3-B72D-47B6-A68D-7590B98EB39B}
		{574D1BFB-9A3C-401E-8620-664780D0325F} = {827E0CD3-B72D-47B6-A68D-7590B98EB39B}
	EndGlobalSection
EndGlobal
